
Microsoft Visual Studio Solution File, Format Version 12.00
# Visual Studio 15
VisualStudioVersion = 15.0.28307.1145
MinimumVisualStudioVersion = 10.0.40219.1
Project("{FAE04EC0-301F-11D3-BF4B-00C04F79EFBC}") = "TesterProgram", "TesterProgram\TesterProgram.csproj", "{BA35E697-B435-4582-B73A-4BD17215DD91}"
EndProject
Project("{FAE04EC0-301F-11D3-BF4B-00C04F79EFBC}") = "ClassesLibrary", "ClassesLibrary\ClassesLibrary.csproj", "{1E78D963-D7DF-4716-9B72-C11832A3E1EF}"
EndProject
Global
	GlobalSection(SolutionConfigurationPlatforms) = preSolution
		Debug|Any CPU = Debug|Any CPU
		Release|Any CPU = Release|Any CPU
	EndGlobalSection
	GlobalSection(ProjectConfigurationPlatforms) = postSolution
		{BA35E697-B435-4582-B73A-4BD17215DD91}.Debug|Any CPU.ActiveCfg = Debug|Any CPU
		{BA35E697-B435-4582-B73A-4BD17215DD91}.Debug|Any CPU.Build.0 = Debug|Any CPU
		{BA35E697-B435-4582-B73A-4BD17215DD91}.Release|Any CPU.ActiveCfg = Release|Any CPU
		{BA35E697-B435-4582-B73A-4BD17215DD91}.Release|Any CPU.Build.0 = Release|Any CPU
		{1E78D963-D7DF-4716-9B72-C11832A3E1EF}.Debug|Any CPU.ActiveCfg = Debug|Any CPU
		{1E78D963-D7DF-4716-9B72-C11832A3E1EF}.Debug|Any CPU.Build.0 = Debug|Any CPU
		{1E78D963-D7DF-4716-9B72-C11832A3E1EF}.Release|Any CPU.ActiveCfg = Release|Any CPU
		{1E78D963-D7DF-4716-9B72-C11832A3E1EF}.Release|Any CPU.Build.0 = Release|Any CPU
	EndGlobalSection
	GlobalSection(SolutionProperties) = preSolution
		HideSolutionNode = FALSE
	EndGlobalSection
	GlobalSection(ExtensibilityGlobals) = postSolution
		SolutionGuid = {264889BC-45C2-4720-9591-FCC3D6FB3BC2}
	EndGlobalSection
EndGlobal
